
Microsoft Visual Studio Solution File, Format Version 12.00
# Visual Studio 2013
VisualStudioVersion = 12.0.40629.0
MinimumVisualStudioVersion = 10.0.40219.1
Project("{2150E333-8FDC-42A3-9474-1A3956D46DE8}") = "ClassLibraryProjects", "ClassLibraryProjects", "{0753963C-57BC-4D20-A02C-5862232D63B2}"
EndProject
Project("{2150E333-8FDC-42A3-9474-1A3956D46DE8}") = "WebProjects", "WebProjects", "{E63DD100-4174-43FE-A8A9-FBCE8713883D}"
EndProject
Project("{FAE04EC0-301F-11D3-BF4B-00C04F79EFBC}") = "PrintWayy.SpotWayy.Business", "PrintWayy.SpotWayy.Business\PrintWayy.SpotWayy.Business.csproj", "{27767AA0-F821-4B18-A6B5-4A6D30202DBD}"
EndProject
Project("{FAE04EC0-301F-11D3-BF4B-00C04F79EFBC}") = "PrintWayy.SpotWayy.DAO", "PrintWayy.SpotWayy.DAO\PrintWayy.SpotWayy.DAO.csproj", "{9720C076-D57A-4CB1-A55C-FF18DAC3E543}"
EndProject
Project("{FAE04EC0-301F-11D3-BF4B-00C04F79EFBC}") = "PrintWayy.SpotWayy.Entities", "PrintWayy.SpotWayy.Entities\PrintWayy.SpotWayy.Entities.csproj", "{57C725C3-ADF3-4192-A864-833D647919E4}"
EndProject
Project("{FAE04EC0-301F-11D3-BF4B-00C04F79EFBC}") = "PrintWayy.SpotWayy.SpotWayyApp", "PrintWayy.SpotWayy.SpotWayyApp\PrintWayy.SpotWayy.SpotWayyApp.csproj", "{26045B5E-87BE-4C66-92DC-E2AFC6C80234}"
EndProject
Global
	GlobalSection(SolutionConfigurationPlatforms) = preSolution
		Debug|Any CPU = Debug|Any CPU
		Release|Any CPU = Release|Any CPU
	EndGlobalSection
	GlobalSection(ProjectConfigurationPlatforms) = postSolution
		{27767AA0-F821-4B18-A6B5-4A6D30202DBD}.Debug|Any CPU.ActiveCfg = Debug|Any CPU
		{27767AA0-F821-4B18-A6B5-4A6D30202DBD}.Debug|Any CPU.Build.0 = Debug|Any CPU
		{27767AA0-F821-4B18-A6B5-4A6D30202DBD}.Release|Any CPU.ActiveCfg = Release|Any CPU
		{27767AA0-F821-4B18-A6B5-4A6D30202DBD}.Release|Any CPU.Build.0 = Release|Any CPU
		{9720C076-D57A-4CB1-A55C-FF18DAC3E543}.Debug|Any CPU.ActiveCfg = Debug|Any CPU
		{9720C076-D57A-4CB1-A55C-FF18DAC3E543}.Debug|Any CPU.Build.0 = Debug|Any CPU
		{9720C076-D57A-4CB1-A55C-FF18DAC3E543}.Release|Any CPU.ActiveCfg = Release|Any CPU
		{9720C076-D57A-4CB1-A55C-FF18DAC3E543}.Release|Any CPU.Build.0 = Release|Any CPU
		{57C725C3-ADF3-4192-A864-833D647919E4}.Debug|Any CPU.ActiveCfg = Debug|Any CPU
		{57C725C3-ADF3-4192-A864-833D647919E4}.Debug|Any CPU.Build.0 = Debug|Any CPU
		{57C725C3-ADF3-4192-A864-833D647919E4}.Release|Any CPU.ActiveCfg = Release|Any CPU
		{57C725C3-ADF3-4192-A864-833D647919E4}.Release|Any CPU.Build.0 = Release|Any CPU
		{26045B5E-87BE-4C66-92DC-E2AFC6C80234}.Debug|Any CPU.ActiveCfg = Debug|Any CPU
		{26045B5E-87BE-4C66-92DC-E2AFC6C80234}.Debug|Any CPU.Build.0 = Debug|Any CPU
		{26045B5E-87BE-4C66-92DC-E2AFC6C80234}.Release|Any CPU.ActiveCfg = Release|Any CPU
		{26045B5E-87BE-4C66-92DC-E2AFC6C80234}.Release|Any CPU.Build.0 = Release|Any CPU
	EndGlobalSection
	GlobalSection(SolutionProperties) = preSolution
		HideSolutionNode = FALSE
	EndGlobalSection
	GlobalSection(NestedProjects) = preSolution
		{27767AA0-F821-4B18-A6B5-4A6D30202DBD} = {0753963C-57BC-4D20-A02C-5862232D63B2}
		{9720C076-D57A-4CB1-A55C-FF18DAC3E543} = {0753963C-57BC-4D20-A02C-5862232D63B2}
		{57C725C3-ADF3-4192-A864-833D647919E4} = {0753963C-57BC-4D20-A02C-5862232D63B2}
		{26045B5E-87BE-4C66-92DC-E2AFC6C80234} = {E63DD100-4174-43FE-A8A9-FBCE8713883D}
	EndGlobalSection
EndGlobal
